
Microsoft Visual Studio Solution File, Format Version 12.00
# Visual Studio Version 17
VisualStudioVersion = 17.5.002.0
MinimumVisualStudioVersion = 10.0.40219.1
Project("{9A19103F-16F7-4668-BE54-9A1E7A4F7556}") = "GestionInventaireStock-CSharp", "GestionInventaireStock-CSharp.csproj", "{2031E295-E029-4BE5-BB22-D56F718068BB}"
EndProject
Global
	GlobalSection(SolutionConfigurationPlatforms) = preSolution
		Debug|Any CPU = Debug|Any CPU
		Release|Any CPU = Release|Any CPU
	EndGlobalSection
	GlobalSection(ProjectConfigurationPlatforms) = postSolution
		{2031E295-E029-4BE5-BB22-D56F718068BB}.Debug|Any CPU.ActiveCfg = Debug|Any CPU
		{2031E295-E029-4BE5-BB22-D56F718068BB}.Debug|Any CPU.Build.0 = Debug|Any CPU
		{2031E295-E029-4BE5-BB22-D56F718068BB}.Release|Any CPU.ActiveCfg = Release|Any CPU
		{2031E295-E029-4BE5-BB22-D56F718068BB}.Release|Any CPU.Build.0 = Release|Any CPU
	EndGlobalSection
	GlobalSection(SolutionProperties) = preSolution
		HideSolutionNode = FALSE
	EndGlobalSection
	GlobalSection(ExtensibilityGlobals) = postSolution
		SolutionGuid = {52D47D36-98A3-4C49-85A2-8F2550CE1EA9}
	EndGlobalSection
EndGlobal
